# This file is automatically @generated by Cargo.
# It is not intended for manual editing.
version = 4

[[package]]
name = "cosmo-applet"
version = "0.1.0"

[[package]]
name = "cosmo-audio"
version = "0.1.0"

[[package]]
name = "cosmo-cli"
version = "0.1.0"

[[package]]
name = "cosmo-daemon"
version = "0.1.0"

[[package]]
name = "cosmo-gate"
version = "0.1.0"

[[package]]
name = "cosmo-hotkey"
version = "0.1.0"

[[package]]
name = "cosmo-ipc"
version = "0.1.0"

[[package]]
name = "cosmo-mcp"
version = "0.1.0"

[[package]]
name = "cosmo-overlay"
version = "0.1.0"

[[package]]
name = "cosmo-reason"
version = "0.1.0"

[[package]]
name = "cosmo-reflex"
version = "0.1.0"

[[package]]
name = "cosmo-stt"
version = "0.1.0"

[[package]]
name = "cosmo-tools"
version = "0.1.0"

[[package]]
name = "cosmo-tts"
version = "0.1.0"

[[package]]
name = "cosmo-type"
version = "0.1.0"
